Microsoft Visual Studio Solution File, Format Version 12.00
# Visual Studio Version 17
VisualStudioVersion = 17.5.2.0
MinimumVisualStudioVersion = 10.0.40219.1
Project("{FAE04EC0-301F-11D3-BF4B-00C04F79EFBC}") = "HellofromC#", "HellofromC#.csproj", "{DD49CC47-1928-85BD-392B-C2860CD90FBE}"
EndProject
Global
	GlobalSection(SolutionConfigurationPlatforms) = preSolution
		Debug|Any CPU = Debug|Any CPU
		Release|Any CPU = Release|Any CPU
	EndGlobalSection
	GlobalSection(ProjectConfigurationPlatforms) = postSolution
		{DD49CC47-1928-85BD-392B-C2860CD90FBE}.Debug|Any CPU.ActiveCfg = Debug|Any CPU
		{DD49CC47-1928-85BD-392B-C2860CD90FBE}.Debug|Any CPU.Build.0 = Debug|Any CPU
		{DD49CC47-1928-85BD-392B-C2860CD90FBE}.Release|Any CPU.ActiveCfg = Release|Any CPU
		{DD49CC47-1928-85BD-392B-C2860CD90FBE}.Release|Any CPU.Build.0 = Release|Any CPU
	EndGlobalSection
	GlobalSection(SolutionProperties) = preSolution
		HideSolutionNode = FALSE
	EndGlobalSection
	GlobalSection(ExtensibilityGlobals) = postSolution
		SolutionGuid = {86BC7B1C-4618-4D7A-AF0B-8A2F76434EC4}
	EndGlobalSection
EndGlobal
